
Microsoft Visual Studio Solution File, Format Version 12.00
# Visual Studio 2013
VisualStudioVersion = 12.0.31101.0
MinimumVisualStudioVersion = 10.0.40219.1
Project("{E24C65DC-7377-472B-9ABA-BC803B73C61A}") = "JavascriptGames", "http://localhost:64979", "{46346956-EED4-4BB1-AEF1-BB4A3E62E187}"
	ProjectSection(WebsiteProperties) = preProject
		UseIISExpress = "true"
		TargetFrameworkMoniker = ".NETFramework,Version%3Dv4.0"
		Debug.AspNetCompiler.VirtualPath = "/localhost_64979"
		Debug.AspNetCompiler.PhysicalPath = "..\..\..\..\..\..\JavascriptGames\"
		Debug.AspNetCompiler.TargetPath = "PrecompiledWeb\localhost_64979\"
		Debug.AspNetCompiler.Updateable = "true"
		Debug.AspNetCompiler.ForceOverwrite = "true"
		Debug.AspNetCompiler.FixedNames = "false"
		Debug.AspNetCompiler.Debug = "True"
		Release.AspNetCompiler.VirtualPath = "/localhost_64979"
		Release.AspNetCompiler.PhysicalPath = "..\..\..\..\..\..\JavascriptGames\"
		Release.AspNetCompiler.TargetPath = "PrecompiledWeb\localhost_64979\"
		Release.AspNetCompiler.Updateable = "true"
		Release.AspNetCompiler.ForceOverwrite = "true"
		Release.AspNetCompiler.FixedNames = "false"
		Release.AspNetCompiler.Debug = "False"
		SlnRelativePath = "..\..\..\..\..\..\JavascriptGames\"
	EndProjectSection
EndProject
Global
	GlobalSection(SolutionConfigurationPlatforms) = preSolution
		Debug|Any CPU = Debug|Any CPU
	EndGlobalSection
	GlobalSection(ProjectConfigurationPlatforms) = postSolution
		{46346956-EED4-4BB1-AEF1-BB4A3E62E187}.Debug|Any CPU.ActiveCfg = Debug|Any CPU
		{46346956-EED4-4BB1-AEF1-BB4A3E62E187}.Debug|Any CPU.Build.0 = Debug|Any CPU
	EndGlobalSection
	GlobalSection(SolutionProperties) = preSolution
		HideSolutionNode = FALSE
	EndGlobalSection
EndGlobal
